
Microsoft Visual Studio Solution File, Format Version 12.00
# Visual Studio Version 16
VisualStudioVersion = 16.0.29728.190
MinimumVisualStudioVersion = 10.0.40219.1
Project("{FAE04EC0-301F-11D3-BF4B-00C04F79EFBC}") = "Inspection", "Inspection\Inspection.csproj", "{84D2AC36-9068-42F1-A5A5-577DCE7054B8}"
EndProject
Project("{FAE04EC0-301F-11D3-BF4B-00C04F79EFBC}") = "Owf.Controls.DigitalDisplayControl", "Owf.Controls.DigitalDisplayControl\Owf.Controls.DigitalDisplayControl.csproj", "{5D082F88-4290-4049-9984-FCB126A7BD4E}"
EndProject
Project("{FAE04EC0-301F-11D3-BF4B-00C04F79EFBC}") = "Utilities", "Utilities\Utilities.csproj", "{8EFDDFEE-DB6F-40AB-94A0-68D0EBCE6929}"
EndProject
Project("{FAE04EC0-301F-11D3-BF4B-00C04F79EFBC}") = "Setting", "Setting\Setting.csproj", "{C5803AE0-B919-4F9A-856B-6FC8506884D7}"
EndProject
Project("{FAE04EC0-301F-11D3-BF4B-00C04F79EFBC}") = "VisionPro", "Hansero\VisionPro\VisionPro.csproj", "{7498746A-CC57-4647-B01B-678FA4746C59}"
EndProject
Project("{FAE04EC0-301F-11D3-BF4B-00C04F79EFBC}") = "AsyncSocket", "Socket Communication\AsyncSocket\AsyncSocket.csproj", "{FBEF0024-C416-41D6-8D39-103EE7D094DC}"
EndProject
Project("{FAE04EC0-301F-11D3-BF4B-00C04F79EFBC}") = "Pylon.NETSupportLibrary", "Pylon.NETSupportLibrary\Pylon.NETSupportLibrary.csproj", "{3EAFC9F5-D49F-4F9F-86C8-FBD231B07D2E}"
EndProject
Project("{FAE04EC0-301F-11D3-BF4B-00C04F79EFBC}") = "Cameras", "Cameras\Cameras.csproj", "{EF6854E8-37C0-4254-B0D5-C3718F25A8BE}"
EndProject
Project("{FAE04EC0-301F-11D3-BF4B-00C04F79EFBC}") = "Report", "Report\Report.csproj", "{FB2E357D-0A2F-42D9-A548-5D300C3A67BD}"
EndProject
Project("{FAE04EC0-301F-11D3-BF4B-00C04F79EFBC}") = "DBManager", "DBManager\DBManager.csproj", "{BFC066E4-9E6C-4B2C-9503-6E86243DA3BC}"
EndProject
Project("{FAE04EC0-301F-11D3-BF4B-00C04F79EFBC}") = "Tools", "Tools\Tools.csproj", "{656A94FE-D901-4154-81F9-AD65676AE084}"
EndProject
Project("{FAE04EC0-301F-11D3-BF4B-00C04F79EFBC}") = "PLC", "PLC\PLC.csproj", "{C0673134-7628-44ED-AA89-7EC08E93AF15}"
EndProject
Project("{FAE04EC0-301F-11D3-BF4B-00C04F79EFBC}") = "LogManager", "LogManager\LogManager.csproj", "{A7B4D643-7A47-4E26-A99D-F4EF0B0439B3}"
EndProject
Project("{9A19103F-16F7-4668-BE54-9A1E7A4F7556}") = "ClassificationEngine", "ClassificationEngine\ClassificationEngine.csproj", "{F2B5CC1C-B41A-4BFF-99C4-5626700A5745}"
EndProject
Project("{FAE04EC0-301F-11D3-BF4B-00C04F79EFBC}") = "AsyncFrameSocket", "AsyncFrameSocket\AsyncFrameSocket.csproj", "{5D47E71D-C0B3-4557-9E37-1CD408C539E8}"
EndProject
Project("{FAE04EC0-301F-11D3-BF4B-00C04F79EFBC}") = "AsyncDetectSocket", "AsyncDetectSocket\AsyncDetectSocket.csproj", "{A4E260AF-2AD8-48F5-A1DC-D986A3D18F6B}"
EndProject
Global
	GlobalSection(SolutionConfigurationPlatforms) = preSolution
		Debug|Any CPU = Debug|Any CPU
		Debug|x64 = Debug|x64
		Debug|x86 = Debug|x86
		Release|Any CPU = Release|Any CPU
		Release|x64 = Release|x64
		Release|x86 = Release|x86
	EndGlobalSection
	GlobalSection(ProjectConfigurationPlatforms) = postSolution
		{84D2AC36-9068-42F1-A5A5-577DCE7054B8}.Debug|Any CPU.ActiveCfg = Debug|Any CPU
		{84D2AC36-9068-42F1-A5A5-577DCE7054B8}.Debug|Any CPU.Build.0 = Debug|Any CPU
		{84D2AC36-9068-42F1-A5A5-577DCE7054B8}.Debug|x64.ActiveCfg = Debug|x64
		{84D2AC36-9068-42F1-A5A5-577DCE7054B8}.Debug|x64.Build.0 = Debug|x64
		{84D2AC36-9068-42F1-A5A5-577DCE7054B8}.Debug|x86.ActiveCfg = Debug|x86
		{84D2AC36-9068-42F1-A5A5-577DCE7054B8}.Debug|x86.Build.0 = Debug|x86
		{84D2AC36-9068-42F1-A5A5-577DCE7054B8}.Release|Any CPU.ActiveCfg = Release|Any CPU
		{84D2AC36-9068-42F1-A5A5-577DCE7054B8}.Release|Any CPU.Build.0 = Release|Any CPU
		{84D2AC36-9068-42F1-A5A5-577DCE7054B8}.Release|x64.ActiveCfg = Release|x64
		{84D2AC36-9068-42F1-A5A5-577DCE7054B8}.Release|x64.Build.0 = Release|x64
		{84D2AC36-9068-42F1-A5A5-577DCE7054B8}.Release|x86.ActiveCfg = Release|x86
		{84D2AC36-9068-42F1-A5A5-577DCE7054B8}.Release|x86.Build.0 = Release|x86
		{5D082F88-4290-4049-9984-FCB126A7BD4E}.Debug|Any CPU.ActiveCfg = Debug|Any CPU
		{5D082F88-4290-4049-9984-FCB126A7BD4E}.Debug|Any CPU.Build.0 = Debug|Any CPU
		{5D082F88-4290-4049-9984-FCB126A7BD4E}.Debug|x64.ActiveCfg = Debug|x64
		{5D082F88-4290-4049-9984-FCB126A7BD4E}.Debug|x64.Build.0 = Debug|x64
		{5D082F88-4290-4049-9984-FCB126A7BD4E}.Debug|x86.ActiveCfg = Debug|x86
		{5D082F88-4290-4049-9984-FCB126A7BD4E}.Debug|x86.Build.0 = Debug|x86
		{5D082F88-4290-4049-9984-FCB126A7BD4E}.Release|Any CPU.ActiveCfg = Release|Any CPU
		{5D082F88-4290-4049-9984-FCB126A7BD4E}.Release|Any CPU.Build.0 = Release|Any CPU
		{5D082F88-4290-4049-9984-FCB126A7BD4E}.Release|x64.ActiveCfg = Release|x64
		{5D082F88-4290-4049-9984-FCB126A7BD4E}.Release|x64.Build.0 = Release|x64
		{5D082F88-4290-4049-9984-FCB126A7BD4E}.Release|x86.ActiveCfg = Release|x86
		{5D082F88-4290-4049-9984-FCB126A7BD4E}.Release|x86.Build.0 = Release|x86
		{8EFDDFEE-DB6F-40AB-94A0-68D0EBCE6929}.Debug|Any CPU.ActiveCfg = Debug|Any CPU
		{8EFDDFEE-DB6F-40AB-94A0-68D0EBCE6929}.Debug|Any CPU.Build.0 = Debug|Any CPU
		{8EFDDFEE-DB6F-40AB-94A0-68D0EBCE6929}.Debug|x64.ActiveCfg = Debug|x64
		{8EFDDFEE-DB6F-40AB-94A0-68D0EBCE6929}.Debug|x64.Build.0 = Debug|x64
		{8EFDDFEE-DB6F-40AB-94A0-68D0EBCE6929}.Debug|x86.ActiveCfg = Debug|x86
		{8EFDDFEE-DB6F-40AB-94A0-68D0EBCE6929}.Debug|x86.Build.0 = Debug|x86
		{8EFDDFEE-DB6F-40AB-94A0-68D0EBCE6929}.Release|Any CPU.ActiveCfg = Release|Any CPU
		{8EFDDFEE-DB6F-40AB-94A0-68D0EBCE6929}.Release|Any CPU.Build.0 = Release|Any CPU
		{8EFDDFEE-DB6F-40AB-94A0-68D0EBCE6929}.Release|x64.ActiveCfg = Release|x64
		{8EFDDFEE-DB6F-40AB-94A0-68D0EBCE6929}.Release|x64.Build.0 = Release|x64
		{8EFDDFEE-DB6F-40AB-94A0-68D0EBCE6929}.Release|x86.ActiveCfg = Release|x86
		{8EFDDFEE-DB6F-40AB-94A0-68D0EBCE6929}.Release|x86.Build.0 = Release|x86
		{C5803AE0-B919-4F9A-856B-6FC8506884D7}.Debug|Any CPU.ActiveCfg = Debug|Any CPU
		{C5803AE0-B919-4F9A-856B-6FC8506884D7}.Debug|Any CPU.Build.0 = Debug|Any CPU
		{C5803AE0-B919-4F9A-856B-6FC8506884D7}.Debug|x64.ActiveCfg = Debug|x64
		{C5803AE0-B919-4F9A-856B-6FC8506884D7}.Debug|x64.Build.0 = Debug|x64
		{C5803AE0-B919-4F9A-856B-6FC8506884D7}.Debug|x86.ActiveCfg = Debug|x86
		{C5803AE0-B919-4F9A-856B-6FC8506884D7}.Debug|x86.Build.0 = Debug|x86
		{C5803AE0-B919-4F9A-856B-6FC8506884D7}.Release|Any CPU.ActiveCfg = Release|Any CPU
		{C5803AE0-B919-4F9A-856B-6FC8506884D7}.Release|Any CPU.Build.0 = Release|Any CPU
		{C5803AE0-B919-4F9A-856B-6FC8506884D7}.Release|x64.ActiveCfg = Release|x64
		{C5803AE0-B919-4F9A-856B-6FC8506884D7}.Release|x64.Build.0 = Release|x64
		{C5803AE0-B919-4F9A-856B-6FC8506884D7}.Release|x86.ActiveCfg = Release|x86
		{C5803AE0-B919-4F9A-856B-6FC8506884D7}.Release|x86.Build.0 = Release|x86
		{7498746A-CC57-4647-B01B-678FA4746C59}.Debug|Any CPU.ActiveCfg = Debug|Any CPU
		{7498746A-CC57-4647-B01B-678FA4746C59}.Debug|Any CPU.Build.0 = Debug|Any CPU
		{7498746A-CC57-4647-B01B-678FA4746C59}.Debug|x64.ActiveCfg = Debug|x64
		{7498746A-CC57-4647-B01B-678FA4746C59}.Debug|x64.Build.0 = Debug|x64
		{7498746A-CC57-4647-B01B-678FA4746C59}.Debug|x86.ActiveCfg = Debug|x86
		{7498746A-CC57-4647-B01B-678FA4746C59}.Debug|x86.Build.0 = Debug|x86
		{7498746A-CC57-4647-B01B-678FA4746C59}.Release|Any CPU.ActiveCfg = Release|Any CPU
		{7498746A-CC57-4647-B01B-678FA4746C59}.Release|Any CPU.Build.0 = Release|Any CPU
		{7498746A-CC57-4647-B01B-678FA4746C59}.Release|x64.ActiveCfg = Release|x64
		{7498746A-CC57-4647-B01B-678FA4746C59}.Release|x64.Build.0 = Release|x64
		{7498746A-CC57-4647-B01B-678FA4746C59}.Release|x86.ActiveCfg = Release|x86
		{7498746A-CC57-4647-B01B-678FA4746C59}.Release|x86.Build.0 = Release|x86
		{FBEF0024-C416-41D6-8D39-103EE7D094DC}.Debug|Any CPU.ActiveCfg = Debug|Any CPU
		{FBEF0024-C416-41D6-8D39-103EE7D094DC}.Debug|Any CPU.Build.0 = Debug|Any CPU
		{FBEF0024-C416-41D6-8D39-103EE7D094DC}.Debug|x64.ActiveCfg = Debug|x64
		{FBEF0024-C416-41D6-8D39-103EE7D094DC}.Debug|x64.Build.0 = Debug|x64
		{FBEF0024-C416-41D6-8D39-103EE7D094DC}.Debug|x86.ActiveCfg = Debug|x86
		{FBEF0024-C416-41D6-8D39-103EE7D094DC}.Debug|x86.Build.0 = Debug|x86
		{FBEF0024-C416-41D6-8D39-103EE7D094DC}.Release|Any CPU.ActiveCfg = Release|Any CPU
		{FBEF0024-C416-41D6-8D39-103EE7D094DC}.Release|Any CPU.Build.0 = Release|Any CPU
		{FBEF0024-C416-41D6-8D39-103EE7D094DC}.Release|x64.ActiveCfg = Release|x64
		{FBEF0024-C416-41D6-8D39-103EE7D094DC}.Release|x64.Build.0 = Release|x64
		{FBEF0024-C416-41D6-8D39-103EE7D094DC}.Release|x86.ActiveCfg = Release|x86
		{FBEF0024-C416-41D6-8D39-103EE7D094DC}.Release|x86.Build.0 = Release|x86
		{3EAFC9F5-D49F-4F9F-86C8-FBD231B07D2E}.Debug|Any CPU.ActiveCfg = Debug|Any CPU
		{3EAFC9F5-D49F-4F9F-86C8-FBD231B07D2E}.Debug|Any CPU.Build.0 = Debug|Any CPU
		{3EAFC9F5-D49F-4F9F-86C8-FBD231B07D2E}.Debug|x64.ActiveCfg = Debug|x64
		{3EAFC9F5-D49F-4F9F-86C8-FBD231B07D2E}.Debug|x64.Build.0 = Debug|x64
		{3EAFC9F5-D49F-4F9F-86C8-FBD231B07D2E}.Debug|x86.ActiveCfg = Debug|Any CPU
		{3EAFC9F5-D49F-4F9F-86C8-FBD231B07D2E}.Debug|x86.Build.0 = Debug|Any CPU
		{3EAFC9F5-D49F-4F9F-86C8-FBD231B07D2E}.Release|Any CPU.ActiveCfg = Release|Any CPU
		{3EAFC9F5-D49F-4F9F-86C8-FBD231B07D2E}.Release|Any CPU.Build.0 = Release|Any CPU
		{3EAFC9F5-D49F-4F9F-86C8-FBD231B07D2E}.Release|x64.ActiveCfg = Release|x64
		{3EAFC9F5-D49F-4F9F-86C8-FBD231B07D2E}.Release|x64.Build.0 = Release|x64
		{3EAFC9F5-D49F-4F9F-86C8-FBD231B07D2E}.Release|x86.ActiveCfg = Release|Any CPU
		{3EAFC9F5-D49F-4F9F-86C8-FBD231B07D2E}.Release|x86.Build.0 = Release|Any CPU
		{EF6854E8-37C0-4254-B0D5-C3718F25A8BE}.Debug|Any CPU.ActiveCfg = Debug|Any CPU
		{EF6854E8-37C0-4254-B0D5-C3718F25A8BE}.Debug|Any CPU.Build.0 = Debug|Any CPU
		{EF6854E8-37C0-4254-B0D5-C3718F25A8BE}.Debug|x64.ActiveCfg = Debug|x64
		{EF6854E8-37C0-4254-B0D5-C3718F25A8BE}.Debug|x64.Build.0 = Debug|x64
		{EF6854E8-37C0-4254-B0D5-C3718F25A8BE}.Debug|x86.ActiveCfg = Debug|Any CPU
		{EF6854E8-37C0-4254-B0D5-C3718F25A8BE}.Debug|x86.Build.0 = Debug|Any CPU
		{EF6854E8-37C0-4254-B0D5-C3718F25A8BE}.Release|Any CPU.ActiveCfg = Release|Any CPU
		{EF6854E8-37C0-4254-B0D5-C3718F25A8BE}.Release|Any CPU.Build.0 = Release|Any CPU
		{EF6854E8-37C0-4254-B0D5-C3718F25A8BE}.Release|x64.ActiveCfg = Release|x64
		{EF6854E8-37C0-4254-B0D5-C3718F25A8BE}.Release|x64.Build.0 = Release|x64
		{EF6854E8-37C0-4254-B0D5-C3718F25A8BE}.Release|x86.ActiveCfg = Release|Any CPU
		{EF6854E8-37C0-4254-B0D5-C3718F25A8BE}.Release|x86.Build.0 = Release|Any CPU
		{FB2E357D-0A2F-42D9-A548-5D300C3A67BD}.Debug|Any CPU.ActiveCfg = Debug|Any CPU
		{FB2E357D-0A2F-42D9-A548-5D300C3A67BD}.Debug|Any CPU.Build.0 = Debug|Any CPU
		{FB2E357D-0A2F-42D9-A548-5D300C3A67BD}.Debug|x64.ActiveCfg = Debug|x64
		{FB2E357D-0A2F-42D9-A548-5D300C3A67BD}.Debug|x64.Build.0 = Debug|x64
		{FB2E357D-0A2F-42D9-A548-5D300C3A67BD}.Debug|x86.ActiveCfg = Debug|Any CPU
		{FB2E357D-0A2F-42D9-A548-5D300C3A67BD}.Release|Any CPU.ActiveCfg = Release|Any CPU
		{FB2E357D-0A2F-42D9-A548-5D300C3A67BD}.Release|Any CPU.Build.0 = Release|Any CPU
		{FB2E357D-0A2F-42D9-A548-5D300C3A67BD}.Release|x64.ActiveCfg = Release|x64
		{FB2E357D-0A2F-42D9-A548-5D300C3A67BD}.Release|x64.Build.0 = Release|x64
		{FB2E357D-0A2F-42D9-A548-5D300C3A67BD}.Release|x86.ActiveCfg = Release|Any CPU
		{BFC066E4-9E6C-4B2C-9503-6E86243DA3BC}.Debug|Any CPU.ActiveCfg = Debug|Any CPU
		{BFC066E4-9E6C-4B2C-9503-6E86243DA3BC}.Debug|Any CPU.Build.0 = Debug|Any CPU
		{BFC066E4-9E6C-4B2C-9503-6E86243DA3BC}.Debug|x64.ActiveCfg = Debug|x64
		{BFC066E4-9E6C-4B2C-9503-6E86243DA3BC}.Debug|x64.Build.0 = Debug|x64
		{BFC066E4-9E6C-4B2C-9503-6E86243DA3BC}.Debug|x86.ActiveCfg = Debug|Any CPU
		{BFC066E4-9E6C-4B2C-9503-6E86243DA3BC}.Release|Any CPU.ActiveCfg = Release|Any CPU
		{BFC066E4-9E6C-4B2C-9503-6E86243DA3BC}.Release|Any CPU.Build.0 = Release|Any CPU
		{BFC066E4-9E6C-4B2C-9503-6E86243DA3BC}.Release|x64.ActiveCfg = Release|x64
		{BFC066E4-9E6C-4B2C-9503-6E86243DA3BC}.Release|x64.Build.0 = Release|x64
		{BFC066E4-9E6C-4B2C-9503-6E86243DA3BC}.Release|x86.ActiveCfg = Release|Any CPU
		{656A94FE-D901-4154-81F9-AD65676AE084}.Debug|Any CPU.ActiveCfg = Debug|Any CPU
		{656A94FE-D901-4154-81F9-AD65676AE084}.Debug|Any CPU.Build.0 = Debug|Any CPU
		{656A94FE-D901-4154-81F9-AD65676AE084}.Debug|x64.ActiveCfg = Debug|x64
		{656A94FE-D901-4154-81F9-AD65676AE084}.Debug|x64.Build.0 = Debug|x64
		{656A94FE-D901-4154-81F9-AD65676AE084}.Debug|x86.ActiveCfg = Debug|Any CPU
		{656A94FE-D901-4154-81F9-AD65676AE084}.Release|Any CPU.ActiveCfg = Release|Any CPU
		{656A94FE-D901-4154-81F9-AD65676AE084}.Release|Any CPU.Build.0 = Release|Any CPU
		{656A94FE-D901-4154-81F9-AD65676AE084}.Release|x64.ActiveCfg = Release|x64
		{656A94FE-D901-4154-81F9-AD65676AE084}.Release|x64.Build.0 = Release|x64
		{656A94FE-D901-4154-81F9-AD65676AE084}.Release|x86.ActiveCfg = Release|Any CPU
		{C0673134-7628-44ED-AA89-7EC08E93AF15}.Debug|Any CPU.ActiveCfg = Debug|Any CPU
		{C0673134-7628-44ED-AA89-7EC08E93AF15}.Debug|Any CPU.Build.0 = Debug|Any CPU
		{C0673134-7628-44ED-AA89-7EC08E93AF15}.Debug|x64.ActiveCfg = Debug|x64
		{C0673134-7628-44ED-AA89-7EC08E93AF15}.Debug|x64.Build.0 = Debug|x64
		{C0673134-7628-44ED-AA89-7EC08E93AF15}.Debug|x86.ActiveCfg = Debug|Any CPU
		{C0673134-7628-44ED-AA89-7EC08E93AF15}.Debug|x86.Build.0 = Debug|Any CPU
		{C0673134-7628-44ED-AA89-7EC08E93AF15}.Release|Any CPU.ActiveCfg = Release|Any CPU
		{C0673134-7628-44ED-AA89-7EC08E93AF15}.Release|Any CPU.Build.0 = Release|Any CPU
		{C0673134-7628-44ED-AA89-7EC08E93AF15}.Release|x64.ActiveCfg = Release|x64
		{C0673134-7628-44ED-AA89-7EC08E93AF15}.Release|x64.Build.0 = Release|x64
		{C0673134-7628-44ED-AA89-7EC08E93AF15}.Release|x86.ActiveCfg = Release|Any CPU
		{C0673134-7628-44ED-AA89-7EC08E93AF15}.Release|x86.Build.0 = Release|Any CPU
		{A7B4D643-7A47-4E26-A99D-F4EF0B0439B3}.Debug|Any CPU.ActiveCfg = Debug|Any CPU
		{A7B4D643-7A47-4E26-A99D-F4EF0B0439B3}.Debug|Any CPU.Build.0 = Debug|Any CPU
		{A7B4D643-7A47-4E26-A99D-F4EF0B0439B3}.Debug|x64.ActiveCfg = Debug|x64
		{A7B4D643-7A47-4E26-A99D-F4EF0B0439B3}.Debug|x64.Build.0 = Debug|x64
		{A7B4D643-7A47-4E26-A99D-F4EF0B0439B3}.Debug|x86.ActiveCfg = Debug|Any CPU
		{A7B4D643-7A47-4E26-A99D-F4EF0B0439B3}.Debug|x86.Build.0 = Debug|Any CPU
		{A7B4D643-7A47-4E26-A99D-F4EF0B0439B3}.Release|Any CPU.ActiveCfg = Release|Any CPU
		{A7B4D643-7A47-4E26-A99D-F4EF0B0439B3}.Release|Any CPU.Build.0 = Release|Any CPU
		{A7B4D643-7A47-4E26-A99D-F4EF0B0439B3}.Release|x64.ActiveCfg = Release|x64
		{A7B4D643-7A47-4E26-A99D-F4EF0B0439B3}.Release|x64.Build.0 = Release|x64
		{A7B4D643-7A47-4E26-A99D-F4EF0B0439B3}.Release|x86.ActiveCfg = Release|Any CPU
		{A7B4D643-7A47-4E26-A99D-F4EF0B0439B3}.Release|x86.Build.0 = Release|Any CPU
		{F2B5CC1C-B41A-4BFF-99C4-5626700A5745}.Debug|Any CPU.ActiveCfg = Debug|Any CPU
		{F2B5CC1C-B41A-4BFF-99C4-5626700A5745}.Debug|Any CPU.Build.0 = Debug|Any CPU
		{F2B5CC1C-B41A-4BFF-99C4-5626700A5745}.Debug|x64.ActiveCfg = Debug|x64
		{F2B5CC1C-B41A-4BFF-99C4-5626700A5745}.Debug|x64.Build.0 = Debug|x64
		{F2B5CC1C-B41A-4BFF-99C4-5626700A5745}.Debug|x86.ActiveCfg = Debug|Any CPU
		{F2B5CC1C-B41A-4BFF-99C4-5626700A5745}.Debug|x86.Build.0 = Debug|Any CPU
		{F2B5CC1C-B41A-4BFF-99C4-5626700A5745}.Release|Any CPU.ActiveCfg = Release|Any CPU
		{F2B5CC1C-B41A-4BFF-99C4-5626700A5745}.Release|Any CPU.Build.0 = Release|Any CPU
		{F2B5CC1C-B41A-4BFF-99C4-5626700A5745}.Release|x64.ActiveCfg = Release|x64
		{F2B5CC1C-B41A-4BFF-99C4-5626700A5745}.Release|x64.Build.0 = Release|x64
		{F2B5CC1C-B41A-4BFF-99C4-5626700A5745}.Release|x86.ActiveCfg = Release|Any CPU
		{F2B5CC1C-B41A-4BFF-99C4-5626700A5745}.Release|x86.Build.0 = Release|Any CPU
		{5D47E71D-C0B3-4557-9E37-1CD408C539E8}.Debug|Any CPU.ActiveCfg = Debug|Any CPU
		{5D47E71D-C0B3-4557-9E37-1CD408C539E8}.Debug|Any CPU.Build.0 = Debug|Any CPU
		{5D47E71D-C0B3-4557-9E37-1CD408C539E8}.Debug|x64.ActiveCfg = Debug|x64
		{5D47E71D-C0B3-4557-9E37-1CD408C539E8}.Debug|x64.Build.0 = Debug|x64
		{5D47E71D-C0B3-4557-9E37-1CD408C539E8}.Debug|x86.ActiveCfg = Debug|x86
		{5D47E71D-C0B3-4557-9E37-1CD408C539E8}.Debug|x86.Build.0 = Debug|x86
		{5D47E71D-C0B3-4557-9E37-1CD408C539E8}.Release|Any CPU.ActiveCfg = Release|Any CPU
		{5D47E71D-C0B3-4557-9E37-1CD408C539E8}.Release|Any CPU.Build.0 = Release|Any CPU
		{5D47E71D-C0B3-4557-9E37-1CD408C539E8}.Release|x64.ActiveCfg = Release|x64
		{5D47E71D-C0B3-4557-9E37-1CD408C539E8}.Release|x64.Build.0 = Release|x64
		{5D47E71D-C0B3-4557-9E37-1CD408C539E8}.Release|x86.ActiveCfg = Release|x86
		{5D47E71D-C0B3-4557-9E37-1CD408C539E8}.Release|x86.Build.0 = Release|x86
		{A4E260AF-2AD8-48F5-A1DC-D986A3D18F6B}.Debug|Any CPU.ActiveCfg = Debug|Any CPU
		{A4E260AF-2AD8-48F5-A1DC-D986A3D18F6B}.Debug|Any CPU.Build.0 = Debug|Any CPU
		{A4E260AF-2AD8-48F5-A1DC-D986A3D18F6B}.Debug|x64.ActiveCfg = Debug|x64
		{A4E260AF-2AD8-48F5-A1DC-D986A3D18F6B}.Debug|x64.Build.0 = Debug|x64
		{A4E260AF-2AD8-48F5-A1DC-D986A3D18F6B}.Debug|x86.ActiveCfg = Debug|x86
		{A4E260AF-2AD8-48F5-A1DC-D986A3D18F6B}.Debug|x86.Build.0 = Debug|x86
		{A4E260AF-2AD8-48F5-A1DC-D986A3D18F6B}.Release|Any CPU.ActiveCfg = Release|Any CPU
		{A4E260AF-2AD8-48F5-A1DC-D986A3D18F6B}.Release|Any CPU.Build.0 = Release|Any CPU
		{A4E260AF-2AD8-48F5-A1DC-D986A3D18F6B}.Release|x64.ActiveCfg = Release|x64
		{A4E260AF-2AD8-48F5-A1DC-D986A3D18F6B}.Release|x64.Build.0 = Release|x64
		{A4E260AF-2AD8-48F5-A1DC-D986A3D18F6B}.Release|x86.ActiveCfg = Release|x86
		{A4E260AF-2AD8-48F5-A1DC-D986A3D18F6B}.Release|x86.Build.0 = Release|x86
	EndGlobalSection
	GlobalSection(SolutionProperties) = preSolution
		HideSolutionNode = FALSE
	EndGlobalSection
	GlobalSection(ExtensibilityGlobals) = postSolution
		SolutionGuid = {78C19033-2467-41A9-BA5B-5321975ADE8C}
	EndGlobalSection
EndGlobal
